
Microsoft Visual Studio Solution File, Format Version 12.00
# Visual Studio Version 17
VisualStudioVersion = 17.0.31903.59
MinimumVisualStudioVersion = 10.0.40219.1
Project("{FAE04EC0-301F-11D3-BF4B-00C04F79EFBC}") = "TagHierarchyManager", "Core\TagHierarchyManager.csproj", "{E12B6C33-67E7-439C-8AD6-FF2510556AFE}"
EndProject
Project("{2150E333-8FDC-42A3-9474-1A3956D46DE8}") = "Tests", "Tests", "{397693A2-4BD9-4EA2-B70E-84B0B4DD2BF9}"
EndProject
Project("{FAE04EC0-301F-11D3-BF4B-00C04F79EFBC}") = "TagHierarchyManager.Tests", "Tests\TagHierarchyManager.Tests.csproj", "{F26B4A2D-0389-4FE8-8B0D-E491B354AC83}"
EndProject
Project("{FAE04EC0-301F-11D3-BF4B-00C04F79EFBC}") = "TagHierarchyManager.UI", "UI\TagHierarchyManager.UI.csproj", "{A1FD7502-8234-412B-B039-2539FFB7A36D}"
EndProject
Global
	GlobalSection(SolutionConfigurationPlatforms) = preSolution
		Debug|Any CPU = Debug|Any CPU
		Release|Any CPU = Release|Any CPU
	EndGlobalSection
	GlobalSection(SolutionProperties) = preSolution
		HideSolutionNode = FALSE
	EndGlobalSection
	GlobalSection(ProjectConfigurationPlatforms) = postSolution
		{E12B6C33-67E7-439C-8AD6-FF2510556AFE}.Debug|Any CPU.ActiveCfg = Debug|Any CPU
		{E12B6C33-67E7-439C-8AD6-FF2510556AFE}.Debug|Any CPU.Build.0 = Debug|Any CPU
		{E12B6C33-67E7-439C-8AD6-FF2510556AFE}.Release|Any CPU.ActiveCfg = Release|Any CPU
		{E12B6C33-67E7-439C-8AD6-FF2510556AFE}.Release|Any CPU.Build.0 = Release|Any CPU
		{F26B4A2D-0389-4FE8-8B0D-E491B354AC83}.Debug|Any CPU.ActiveCfg = Debug|Any CPU
		{F26B4A2D-0389-4FE8-8B0D-E491B354AC83}.Debug|Any CPU.Build.0 = Debug|Any CPU
		{F26B4A2D-0389-4FE8-8B0D-E491B354AC83}.Release|Any CPU.ActiveCfg = Release|Any CPU
		{F26B4A2D-0389-4FE8-8B0D-E491B354AC83}.Release|Any CPU.Build.0 = Release|Any CPU
		{045690BF-2FC5-4B0E-9516-8F331BD18219}.Debug|Any CPU.ActiveCfg = Debug|Any CPU
		{045690BF-2FC5-4B0E-9516-8F331BD18219}.Debug|Any CPU.Build.0 = Debug|Any CPU
		{045690BF-2FC5-4B0E-9516-8F331BD18219}.Release|Any CPU.ActiveCfg = Release|Any CPU
		{045690BF-2FC5-4B0E-9516-8F331BD18219}.Release|Any CPU.Build.0 = Release|Any CPU
		{A1FD7502-8234-412B-B039-2539FFB7A36D}.Debug|Any CPU.ActiveCfg = Debug|Any CPU
		{A1FD7502-8234-412B-B039-2539FFB7A36D}.Debug|Any CPU.Build.0 = Debug|Any CPU
		{A1FD7502-8234-412B-B039-2539FFB7A36D}.Release|Any CPU.ActiveCfg = Release|Any CPU
		{A1FD7502-8234-412B-B039-2539FFB7A36D}.Release|Any CPU.Build.0 = Release|Any CPU
	EndGlobalSection
	GlobalSection(NestedProjects) = preSolution
		{F26B4A2D-0389-4FE8-8B0D-E491B354AC83} = {397693A2-4BD9-4EA2-B70E-84B0B4DD2BF9}
	EndGlobalSection
EndGlobal
